
Microsoft Visual Studio Solution File, Format Version 12.00
# Visual Studio Version 17
VisualStudioVersion = 17.6.33815.320
MinimumVisualStudioVersion = 10.0.40219.1
Project("{FAE04EC0-301F-11D3-BF4B-00C04F79EFBC}") = "WebApplication1", "WebApplication1\WebApplication1.csproj", "{5D879B5C-9866-40CD-B913-1E9A0A4659D3}"
EndProject
Global
	GlobalSection(SolutionConfigurationPlatforms) = preSolution
		Debug|Any CPU = Debug|Any CPU
		Release|Any CPU = Release|Any CPU
	EndGlobalSection
	GlobalSection(ProjectConfigurationPlatforms) = postSolution
		{5D879B5C-9866-40CD-B913-1E9A0A4659D3}.Debug|Any CPU.ActiveCfg = Debug|Any CPU
		{5D879B5C-9866-40CD-B913-1E9A0A4659D3}.Debug|Any CPU.Build.0 = Debug|Any CPU
		{5D879B5C-9866-40CD-B913-1E9A0A4659D3}.Release|Any CPU.ActiveCfg = Release|Any CPU
		{5D879B5C-9866-40CD-B913-1E9A0A4659D3}.Release|Any CPU.Build.0 = Release|Any CPU
	EndGlobalSection
	GlobalSection(SolutionProperties) = preSolution
		HideSolutionNode = FALSE
	EndGlobalSection
	GlobalSection(ExtensibilityGlobals) = postSolution
		SolutionGuid = {DF57C40E-EB9E-42AE-BB05-F12BB0EC3DC5}
	EndGlobalSection
EndGlobal
